// !$*UTF8*$!
{
	archiveVersion = 1;
	classes = {
	};
	objectVersion = 56;
	objects = {

/* Begin PBXBuildFile section */
		5E1559072A1165F20079C82C /* PodFramework.docc in Sources */ = {isa = PBXBuildFile; fileRef = 5E1559062A1165F20079C82C /* PodFramework.docc */; };
		5E15590D2A1165F20079C82C /* PodFramework.framework in Frameworks */ = {isa = PBXBuildFile; fileRef = 5E1559022A1165F20079C82C /* PodFramework.framework */; };
		5E1559122A1165F20079C82C /* PodFrameworkTests.swift in Sources */ = {isa = PBXBuildFile; fileRef = 5E1559112A1165F20079C82C /* PodFrameworkTests.swift */; };
		5E1559132A1165F20079C82C /* PodFramework.h in Headers */ = {isa = PBXBuildFile; fileRef = 5E1559052A1165F20079C82C /* PodFramework.h */; settings = {ATTRIBUTES = (Public, ); }; };
		5E1559232A1166180079C82C /* AppDelegate.swift in Sources */ = {isa = PBXBuildFile; fileRef = 5E1559222A1166180079C82C /* AppDelegate.swift */; };
		5E1559252A1166180079C82C /* SceneDelegate.swift in Sources */ = {isa = PBXBuildFile; fileRef = 5E1559242A1166180079C82C /* SceneDelegate.swift */; };
		5E1559272A1166180079C82C /* ViewController.swift in Sources */ = {isa = PBXBuildFile; fileRef = 5E1559262A1166180079C82C /* ViewController.swift */; };
		5E15592A2A1166180079C82C /* Main.storyboard in Resources */ = {isa = PBXBuildFile; fileRef = 5E1559282A1166180079C82C /* Main.storyboard */; };
		5E15592C2A1166190079C82C /* Assets.xcassets in Resources */ = {isa = PBXBuildFile; fileRef = 5E15592B2A1166190079C82C /* Assets.xcassets */; };
		5E15592F2A1166190079C82C /* LaunchScreen.storyboard in Resources */ = {isa = PBXBuildFile; fileRef = 5E15592D2A1166190079C82C /* LaunchScreen.storyboard */; };
		5E1559352A1166420079C82C /* HelperFunctions.swift in Sources */ = {isa = PBXBuildFile; fileRef = 5E1559342A1166420079C82C /* HelperFunctions.swift */; };
/* End PBXBuildFile section */

/* Begin PBXContainerItemProxy section */
		5E15590E2A1165F20079C82C /* PBXContainerItemProxy */ = {
			isa = PBXContainerItemProxy;
			containerPortal = 5E1558F92A1165F20079C82C /* Project object */;
			proxyType = 1;
			remoteGlobalIDString = 5E1559012A1165F20079C82C;
			remoteInfo = PodFramework;
		};
/* End PBXContainerItemProxy section */

/* Begin PBXFileReference section */
		5E1559022A1165F20079C82C /* PodFramework.framework */ = {isa = PBXFileReference; explicitFileType = wrapper.framework; includeInIndex = 0; path = PodFramework.framework; sourceTree = BUILT_PRODUCTS_DIR; };
		5E1559052A1165F20079C82C /* PodFramework.h */ = {isa = PBXFileReference; lastKnownFileType = sourcecode.c.h; path = PodFramework.h; sourceTree = "<group>"; };
		5E1559062A1165F20079C82C /* PodFramework.docc */ = {isa = PBXFileReference; lastKnownFileType = folder.documentationcatalog; path = PodFramework.docc; sourceTree = "<group>"; };
		5E15590C2A1165F20079C82C /* PodFrameworkTests.xctest */ = {isa = PBXFileReference; explicitFileType = wrapper.cfbundle; includeInIndex = 0; path = PodFrameworkTests.xctest; sourceTree = BUILT_PRODUCTS_DIR; };
		5E1559112A1165F20079C82C /* PodFrameworkTests.swift */ = {isa = PBXFileReference; lastKnownFileType = sourcecode.swift; path = PodFrameworkTests.swift; sourceTree = "<group>"; };
		5E1559202A1166180079C82C /* Example.app */ = {isa = PBXFileReference; explicitFileType = wrapper.application; includeInIndex = 0; path = Example.app; sourceTree = BUILT_PRODUCTS_DIR; };
		5E1559222A1166180079C82C /* AppDelegate.swift */ = {isa = PBXFileReference; lastKnownFileType = sourcecode.swift; path = AppDelegate.swift; sourceTree = "<group>"; };
		5E1559242A1166180079C82C /* SceneDelegate.swift */ = {isa = PBXFileReference; lastKnownFileType = sourcecode.swift; path = SceneDelegate.swift; sourceTree = "<group>"; };
		5E1559262A1166180079C82C /* ViewController.swift */ = {isa = PBXFileReference; lastKnownFileType = sourcecode.swift; path = ViewController.swift; sourceTree = "<group>"; };
		5E1559292A1166180079C82C /* Base */ = {isa = PBXFileReference; lastKnownFileType = file.storyboard; name = Base; path = Base.lproj/Main.storyboard; sourceTree = "<group>"; };
		5E15592B2A1166190079C82C /* Assets.xcassets */ = {isa = PBXFileReference; lastKnownFileType = folder.assetcatalog; path = Assets.xcassets; sourceTree = "<group>"; };
		5E15592E2A1166190079C82C /* Base */ = {isa = PBXFileReference; lastKnownFileType = file.storyboard; name = Base; path = Base.lproj/LaunchScreen.storyboard; sourceTree = "<group>"; };
		5E1559302A1166190079C82C /* Info.plist */ = {isa = PBXFileReference; lastKnownFileType = text.plist.xml; path = Info.plist; sourceTree = "<group>"; };
		5E1559342A1166420079C82C /* HelperFunctions.swift */ = {isa = PBXFileReference; lastKnownFileType = sourcecode.swift; path = HelperFunctions.swift; sourceTree = "<group>"; };
/* End PBXFileReference section */

/* Begin PBXFrameworksBuildPhase section */
		5E1558FF2A1165F20079C82C /* Frameworks */ = {
			isa = PBXFrameworksBuildPhase;
			buildActionMask = 2147483647;
			files = (
			);
			runOnlyForDeploymentPostprocessing = 0;
		};
		5E1559092A1165F20079C82C /* Frameworks */ = {
			isa = PBXFrameworksBuildPhase;
			buildActionMask = 2147483647;
			files = (
				5E15590D2A1165F20079C82C /* PodFramework.framework in Frameworks */,
			);
			runOnlyForDeploymentPostprocessing = 0;
		};
		5E15591D2A1166180079C82C /* Frameworks */ = {
			isa = PBXFrameworksBuildPhase;
			buildActionMask = 2147483647;
			files = (
			);
			runOnlyForDeploymentPostprocessing = 0;
		};
/* End PBXFrameworksBuildPhase section */

/* Begin PBXGroup section */
		5E1558F82A1165F20079C82C = {
			isa = PBXGroup;
			children = (
				5E1559342A1166420079C82C /* HelperFunctions.swift */,
				5E1559042A1165F20079C82C /* PodFramework */,
				5E1559102A1165F20079C82C /* PodFrameworkTests */,
				5E1559212A1166180079C82C /* Example */,
				5E1559032A1165F20079C82C /* Products */,
			);
			sourceTree = "<group>";
		};
		5E1559032A1165F20079C82C /* Products */ = {
			isa = PBXGroup;
			children = (
				5E1559022A1165F20079C82C /* PodFramework.framework */,
				5E15590C2A1165F20079C82C /* PodFrameworkTests.xctest */,
				5E1559202A1166180079C82C /* Example.app */,
			);
			name = Products;
			sourceTree = "<group>";
		};
		5E1559042A1165F20079C82C /* PodFramework */ = {
			isa = PBXGroup;
			children = (
				5E1559052A1165F20079C82C /* PodFramework.h */,
				5E1559062A1165F20079C82C /* PodFramework.docc */,
			);
			path = PodFramework;
			sourceTree = "<group>";
		};
		5E1559102A1165F20079C82C /* PodFrameworkTests */ = {
			isa = PBXGroup;
			children = (
				5E1559112A1165F20079C82C /* PodFrameworkTests.swift */,
			);
			path = PodFrameworkTests;
			sourceTree = "<group>";
		};
		5E1559212A1166180079C82C /* Example */ = {
			isa = PBXGroup;
			children = (
				5E1559222A1166180079C82C /* AppDelegate.swift */,
				5E1559242A1166180079C82C /* SceneDelegate.swift */,
				5E1559262A1166180079C82C /* ViewController.swift */,
				5E1559282A1166180079C82C /* Main.storyboard */,
				5E15592B2A1166190079C82C /* Assets.xcassets */,
				5E15592D2A1166190079C82C /* LaunchScreen.storyboard */,
				5E1559302A1166190079C82C /* Info.plist */,
			);
			path = Example;
			sourceTree = "<group>";
		};
/* End PBXGroup section */

/* Begin PBXHeadersBuildPhase section */
		5E1558FD2A1165F20079C82C /* Headers */ = {
			isa = PBXHeadersBuildPhase;
			buildActionMask = 2147483647;
			files = (
				5E1559132A1165F20079C82C /* PodFramework.h in Headers */,
			);
			runOnlyForDeploymentPostprocessing = 0;
		};
/* End PBXHeadersBuildPhase section */

/* Begin PBXNativeTarget section */
		5E1559012A1165F20079C82C /* PodFramework */ = {
			isa = PBXNativeTarget;
			buildConfigurationList = 5E1559162A1165F20079C82C /* Build configuration list for PBXNativeTarget "PodFramework" */;
			buildPhases = (
				5E1558FD2A1165F20079C82C /* Headers */,
				5E1558FE2A1165F20079C82C /* Sources */,
				5E1558FF2A1165F20079C82C /* Frameworks */,
				5E1559002A1165F20079C82C /* Resources */,
			);
			buildRules = (
			);
			dependencies = (
			);
			name = PodFramework;
			productName = PodFramework;
			productReference = 5E1559022A1165F20079C82C /* PodFramework.framework */;
			productType = "com.apple.product-type.framework";
		};
		5E15590B2A1165F20079C82C /* PodFrameworkTests */ = {
			isa = PBXNativeTarget;
			buildConfigurationList = 5E1559192A1165F20079C82C /* Build configuration list for PBXNativeTarget "PodFrameworkTests" */;
			buildPhases = (
				5E1559082A1165F20079C82C /* Sources */,
				5E1559092A1165F20079C82C /* Frameworks */,
				5E15590A2A1165F20079C82C /* Resources */,
			);
			buildRules = (
			);
			dependencies = (
				5E15590F2A1165F20079C82C /* PBXTargetDependency */,
			);
			name = PodFrameworkTests;
			productName = PodFrameworkTests;
			productReference = 5E15590C2A1165F20079C82C /* PodFrameworkTests.xctest */;
			productType = "com.apple.product-type.bundle.unit-test";
		};
		5E15591F2A1166180079C82C /* Example */ = {
			isa = PBXNativeTarget;
			buildConfigurationList = 5E1559312A1166190079C82C /* Build configuration list for PBXNativeTarget "Example" */;
			buildPhases = (
				5E15591C2A1166180079C82C /* Sources */,
				5E15591D2A1166180079C82C /* Frameworks */,
				5E15591E2A1166180079C82C /* Resources */,
			);
			buildRules = (
			);
			dependencies = (
			);
			name = Example;
			productName = Example;
			productReference = 5E1559202A1166180079C82C /* Example.app */;
			productType = "com.apple.product-type.application";
		};
/* End PBXNativeTarget section */

/* Begin PBXProject section */
		5E1558F92A1165F20079C82C /* Project object */ = {
			isa = PBXProject;
			attributes = {
				BuildIndependentTargetsInParallel = 1;
				LastSwiftUpdateCheck = 1410;
				LastUpgradeCheck = 1410;
				TargetAttributes = {
					5E1559012A1165F20079C82C = {
						CreatedOnToolsVersion = 14.1;
					};
					5E15590B2A1165F20079C82C = {
						CreatedOnToolsVersion = 14.1;
					};
					5E15591F2A1166180079C82C = {
						CreatedOnToolsVersion = 14.1;
					};
				};
			};
			buildConfigurationList = 5E1558FC2A1165F20079C82C /* Build configuration list for PBXProject "PodFramework" */;
			compatibilityVersion = "Xcode 14.0";
			developmentRegion = en;
			hasScannedForEncodings = 0;
			knownRegions = (
				en,
				Base,
			);
			mainGroup = 5E1558F82A1165F20079C82C;
			productRefGroup = 5E1559032A1165F20079C82C /* Products */;
			projectDirPath = "";
			projectRoot = "";
			targets = (
				5E1559012A1165F20079C82C /* PodFramework */,
				5E15590B2A1165F20079C82C /* PodFrameworkTests */,
				5E15591F2A1166180079C82C /* Example */,
			);
		};
/* End PBXProject section */

/* Begin PBXResourcesBuildPhase section */
		5E1559002A1165F20079C82C /* Resources */ = {
			isa = PBXResourcesBuildPhase;
			buildActionMask = 2147483647;
			files = (
			);
			runOnlyForDeploymentPostprocessing = 0;
		};
		5E15590A2A1165F20079C82C /* Resources */ = {
			isa = PBXResourcesBuildPhase;
			buildActionMask = 2147483647;
			files = (
			);
			runOnlyForDeploymentPostprocessing = 0;
		};
		5E15591E2A1166180079C82C /* Resources */ = {
			isa = PBXResourcesBuildPhase;
			buildActionMask = 2147483647;
			files = (
				5E15592F2A1166190079C82C /* LaunchScreen.storyboard in Resources */,
				5E15592C2A1166190079C82C /* Assets.xcassets in Resources */,
				5E15592A2A1166180079C82C /* Main.storyboard in Resources */,
			);
			runOnlyForDeploymentPostprocessing = 0;
		};
/* End PBXResourcesBuildPhase section */

/* Begin PBXSourcesBuildPhase section */
		5E1558FE2A1165F20079C82C /* Sources */ = {
			isa = PBXSourcesBuildPhase;
			buildActionMask = 2147483647;
			files = (
				5E1559072A1165F20079C82C /* PodFramework.docc in Sources */,
				5E1559352A1166420079C82C /* HelperFunctions.swift in Sources */,
			);
			runOnlyForDeploymentPostprocessing = 0;
		};
		5E1559082A1165F20079C82C /* Sources */ = {
			isa = PBXSourcesBuildPhase;
			buildActionMask = 2147483647;
			files = (
				5E1559122A1165F20079C82C /* PodFrameworkTests.swift in Sources */,
			);
			runOnlyForDeploymentPostprocessing = 0;
		};
		5E15591C2A1166180079C82C /* Sources */ = {
			isa = PBXSourcesBuildPhase;
			buildActionMask = 2147483647;
			files = (
				5E1559272A1166180079C82C /* ViewController.swift in Sources */,
				5E1559232A1166180079C82C /* AppDelegate.swift in Sources */,
				5E1559252A1166180079C82C /* SceneDelegate.swift in Sources */,
			);
			runOnlyForDeploymentPostprocessing = 0;
		};
/* End PBXSourcesBuildPhase section */

/* Begin PBXTargetDependency section */
		5E15590F2A1165F20079C82C /* PBXTargetDependency */ = {
			isa = PBXTargetDependency;
			target = 5E1559012A1165F20079C82C /* PodFramework */;
			targetProxy = 5E15590E2A1165F20079C82C /* PBXContainerItemProxy */;
		};
/* End PBXTargetDependency section */

/* Begin PBXVariantGroup section */
		5E1559282A1166180079C82C /* Main.storyboard */ = {
			isa = PBXVariantGroup;
			children = (
				5E1559292A1166180079C82C /* Base */,
			);
			name = Main.storyboard;
			sourceTree = "<group>";
		};
		5E15592D2A1166190079C82C /* LaunchScreen.storyboard */ = {
			isa = PBXVariantGroup;
			children = (
				5E15592E2A1166190079C82C /* Base */,
			);
			name = LaunchScreen.storyboard;
			sourceTree = "<group>";
		};
/* End PBXVariantGroup section */

/* Begin XCBuildConfiguration section */
		5E1559142A1165F20079C82C /* Debug */ = {
			isa = XCBuildConfiguration;
			buildSettings = {
				ALWAYS_SEARCH_USER_PATHS = NO;
				CLANG_ANALYZER_NONNULL = YES;
				CLANG_ANALYZER_NUMBER_OBJECT_CONVERSION = YES_AGGRESSIVE;
				CLANG_CXX_LANGUAGE_STANDARD = "gnu++20";
				CLANG_ENABLE_MODULES = YES;
				CLANG_ENABLE_OBJC_ARC = YES;
				CLANG_ENABLE_OBJC_WEAK = YES;
				CLANG_WARN_BLOCK_CAPTURE_AUTORELEASING = YES;
				CLANG_WARN_BOOL_CONVERSION = YES;
				CLANG_WARN_COMMA = YES;
				CLANG_WARN_CONSTANT_CONVERSION = YES;
				CLANG_WARN_DEPRECATED_OBJC_IMPLEMENTATIONS = YES;
				CLANG_WARN_DIRECT_OBJC_ISA_USAGE = YES_ERROR;
				CLANG_WARN_DOCUMENTATION_COMMENTS = YES;
				CLANG_WARN_EMPTY_BODY = YES;
				CLANG_WARN_ENUM_CONVERSION = YES;
				CLANG_WARN_INFINITE_RECURSION = YES;
				CLANG_WARN_INT_CONVERSION = YES;
				CLANG_WARN_NON_LITERAL_NULL_CONVERSION = YES;
				CLANG_WARN_OBJC_IMPLICIT_RETAIN_SELF = YES;
				CLANG_WARN_OBJC_LITERAL_CONVERSION = YES;
				CLANG_WARN_OBJC_ROOT_CLASS = YES_ERROR;
				CLANG_WARN_QUOTED_INCLUDE_IN_FRAMEWORK_HEADER = YES;
				CLANG_WARN_RANGE_LOOP_ANALYSIS = YES;
				CLANG_WARN_STRICT_PROTOTYPES = YES;
				CLANG_WARN_SUSPICIOUS_MOVE = YES;
				CLANG_WARN_UNGUARDED_AVAILABILITY = YES_AGGRESSIVE;
				CLANG_WARN_UNREACHABLE_CODE = YES;
				CLANG_WARN__DUPLICATE_METHOD_MATCH = YES;
				COPY_PHASE_STRIP = NO;
				CURRENT_PROJECT_VERSION = 1;
				DEBUG_INFORMATION_FORMAT = dwarf;
				ENABLE_STRICT_OBJC_MSGSEND = YES;
				ENABLE_TESTABILITY = YES;
				GCC_C_LANGUAGE_STANDARD = gnu11;
				GCC_DYNAMIC_NO_PIC = NO;
				GCC_NO_COMMON_BLOCKS = YES;
				GCC_OPTIMIZATION_LEVEL = 0;
				GCC_PREPROCESSOR_DEFINITIONS = (
					"DEBUG=1",
					"$(inherited)",
				);
				GCC_WARN_64_TO_32_BIT_CONVERSION = YES;
				GCC_WARN_ABOUT_RETURN_TYPE = YES_ERROR;
				GCC_WARN_UNDECLARED_SELECTOR = YES;
				GCC_WARN_UNINITIALIZED_AUTOS = YES_AGGRESSIVE;
				GCC_WARN_UNUSED_FUNCTION = YES;
				GCC_WARN_UNUSED_VARIABLE = YES;
				IPHONEOS_DEPLOYMENT_TARGET = 16.1;
				MTL_ENABLE_DEBUG_INFO = INCLUDE_SOURCE;
				MTL_FAST_MATH = YES;
				ONLY_ACTIVE_ARCH = YES;
				SDKROOT = iphoneos;
				SWIFT_ACTIVE_COMPILATION_CONDITIONS = DEBUG;
				SWIFT_OPTIMIZATION_LEVEL = "-Onone";
				VERSIONING_SYSTEM = "apple-generic";
				VERSION_INFO_PREFIX = "";
			};
			name = Debug;
		};
		5E1559152A1165F20079C82C /* Release */ = {
			isa = XCBuildConfiguration;
			buildSettings = {
				ALWAYS_SEARCH_USER_PATHS = NO;
				CLANG_ANALYZER_NONNULL = YES;
				CLANG_ANALYZER_NUMBER_OBJECT_CONVERSION = YES_AGGRESSIVE;
				CLANG_CXX_LANGUAGE_STANDARD = "gnu++20";
				CLANG_ENABLE_MODULES = YES;
				CLANG_ENABLE_OBJC_ARC = YES;
				CLANG_ENABLE_OBJC_WEAK = YES;
				CLANG_WARN_BLOCK_CAPTURE_AUTORELEASING = YES;
				CLANG_WARN_BOOL_CONVERSION = YES;
				CLANG_WARN_COMMA = YES;
				CLANG_WARN_CONSTANT_CONVERSION = YES;
				CLANG_WARN_DEPRECATED_OBJC_IMPLEMENTATIONS = YES;
				CLANG_WARN_DIRECT_OBJC_ISA_USAGE = YES_ERROR;
				CLANG_WARN_DOCUMENTATION_COMMENTS = YES;
				CLANG_WARN_EMPTY_BODY = YES;
				CLANG_WARN_ENUM_CONVERSION = YES;
				CLANG_WARN_INFINITE_RECURSION = YES;
				CLANG_WARN_INT_CONVERSION = YES;
				CLANG_WARN_NON_LITERAL_NULL_CONVERSION = YES;
				CLANG_WARN_OBJC_IMPLICIT_RETAIN_SELF = YES;
				CLANG_WARN_OBJC_LITERAL_CONVERSION = YES;
				CLANG_WARN_OBJC_ROOT_CLASS = YES_ERROR;
				CLANG_WARN_QUOTED_INCLUDE_IN_FRAMEWORK_HEADER = YES;
				CLANG_WARN_RANGE_LOOP_ANALYSIS = YES;
				CLANG_WARN_STRICT_PROTOTYPES = YES;
				CLANG_WARN_SUSPICIOUS_MOVE = YES;
				CLANG_WARN_UNGUARDED_AVAILABILITY = YES_AGGRESSIVE;
				CLANG_WARN_UNREACHABLE_CODE = YES;
				CLANG_WARN__DUPLICATE_METHOD_MATCH = YES;
				COPY_PHASE_STRIP = NO;
				CURRENT_PROJECT_VERSION = 1;
				DEBUG_INFORMATION_FORMAT = "dwarf-with-dsym";
				ENABLE_NS_ASSERTIONS = NO;
				ENABLE_STRICT_OBJC_MSGSEND = YES;
				GCC_C_LANGUAGE_STANDARD = gnu11;
				GCC_NO_COMMON_BLOCKS = YES;
				GCC_WARN_64_TO_32_BIT_CONVERSION = YES;
				GCC_WARN_ABOUT_RETURN_TYPE = YES_ERROR;
				GCC_WARN_UNDECLARED_SELECTOR = YES;
				GCC_WARN_UNINITIALIZED_AUTOS = YES_AGGRESSIVE;
				GCC_WARN_UNUSED_FUNCTION = YES;
				GCC_WARN_UNUSED_VARIABLE = YES;
				IPHONEOS_DEPLOYMENT_TARGET = 16.1;
				MTL_ENABLE_DEBUG_INFO = NO;
				MTL_FAST_MATH = YES;
				SDKROOT = iphoneos;
				SWIFT_COMPILATION_MODE = wholemodule;
				SWIFT_OPTIMIZATION_LEVEL = "-O";
				VALIDATE_PRODUCT = YES;
				VERSIONING_SYSTEM = "apple-generic";
				VERSION_INFO_PREFIX = "";
			};
			name = Release;
		};
		5E1559172A1165F20079C82C /* Debug */ = {
			isa = XCBuildConfiguration;
			buildSettings = {
				CODE_SIGN_STYLE = Automatic;
				CURRENT_PROJECT_VERSION = 1;
				DEFINES_MODULE = YES;
				DEVELOPMENT_TEAM = 6466L4JP7S;
				DYLIB_COMPATIBILITY_VERSION = 1;
				DYLIB_CURRENT_VERSION = 1;
				DYLIB_INSTALL_NAME_BASE = "@rpath";
				GENERATE_INFOPLIST_FILE = YES;
				INFOPLIST_KEY_NSHumanReadableCopyright = "";
				INSTALL_PATH = "$(LOCAL_LIBRARY_DIR)/Frameworks";
				LD_RUNPATH_SEARCH_PATHS = (
					"$(inherited)",
					"@executable_path/Frameworks",
					"@loader_path/Frameworks",
				);
				MARKETING_VERSION = 1.0;
				PRODUCT_BUNDLE_IDENTIFIER = com.mrhb.co.testinglib.PodFramework;
				PRODUCT_NAME = "$(TARGET_NAME:c99extidentifier)";
				SKIP_INSTALL = YES;
				SWIFT_EMIT_LOC_STRINGS = YES;
				SWIFT_VERSION = 5.0;
				TARGETED_DEVICE_FAMILY = "1,2";
			};
			name = Debug;
		};
		5E1559182A1165F20079C82C /* Release */ = {
			isa = XCBuildConfiguration;
			buildSettings = {
				CODE_SIGN_STYLE = Automatic;
				CURRENT_PROJECT_VERSION = 1;
				DEFINES_MODULE = YES;
				DEVELOPMENT_TEAM = 6466L4JP7S;
				DYLIB_COMPATIBILITY_VERSION = 1;
				DYLIB_CURRENT_VERSION = 1;
				DYLIB_INSTALL_NAME_BASE = "@rpath";
				GENERATE_INFOPLIST_FILE = YES;
				INFOPLIST_KEY_NSHumanReadableCopyright = "";
				INSTALL_PATH = "$(LOCAL_LIBRARY_DIR)/Frameworks";
				LD_RUNPATH_SEARCH_PATHS = (
					"$(inherited)",
					"@executable_path/Frameworks",
					"@loader_path/Frameworks",
				);
				MARKETING_VERSION = 1.0;
				PRODUCT_BUNDLE_IDENTIFIER = com.mrhb.co.testinglib.PodFramework;
				PRODUCT_NAME = "$(TARGET_NAME:c99extidentifier)";
				SKIP_INSTALL = YES;
				SWIFT_EMIT_LOC_STRINGS = YES;
				SWIFT_VERSION = 5.0;
				TARGETED_DEVICE_FAMILY = "1,2";
			};
			name = Release;
		};
		5E15591A2A1165F20079C82C /* Debug */ = {
			isa = XCBuildConfiguration;
			buildSettings = {
				ALWAYS_EMBED_SWIFT_STANDARD_LIBRARIES = YES;
				CODE_SIGN_STYLE = Automatic;
				CURRENT_PROJECT_VERSION = 1;
				DEVELOPMENT_TEAM = 6466L4JP7S;
				GENERATE_INFOPLIST_FILE = YES;
				MARKETING_VERSION = 1.0;
				PRODUCT_BUNDLE_IDENTIFIER = com.mrhb.co.testinglib.PodFrameworkTests;
				PRODUCT_NAME = "$(TARGET_NAME)";
				SWIFT_EMIT_LOC_STRINGS = NO;
				SWIFT_VERSION = 5.0;
				TARGETED_DEVICE_FAMILY = "1,2";
			};
			name = Debug;
		};
		5E15591B2A1165F20079C82C /* Release */ = {
			isa = XCBuildConfiguration;
			buildSettings = {
				ALWAYS_EMBED_SWIFT_STANDARD_LIBRARIES = YES;
				CODE_SIGN_STYLE = Automatic;
				CURRENT_PROJECT_VERSION = 1;
				DEVELOPMENT_TEAM = 6466L4JP7S;
				GENERATE_INFOPLIST_FILE = YES;
				MARKETING_VERSION = 1.0;
				PRODUCT_BUNDLE_IDENTIFIER = com.mrhb.co.testinglib.PodFrameworkTests;
				PRODUCT_NAME = "$(TARGET_NAME)";
				SWIFT_EMIT_LOC_STRINGS = NO;
				SWIFT_VERSION = 5.0;
				TARGETED_DEVICE_FAMILY = "1,2";
			};
			name = Release;
		};
		5E1559322A1166190079C82C /* Debug */ = {
			isa = XCBuildConfiguration;
			buildSettings = {
				ASSETCATALOG_COMPILER_APPICON_NAME = AppIcon;
				ASSETCATALOG_COMPILER_GLOBAL_ACCENT_COLOR_NAME = AccentColor;
				CODE_SIGN_STYLE = Automatic;
				CURRENT_PROJECT_VERSION = 1;
				DEVELOPMENT_TEAM = 6466L4JP7S;
				GENERATE_INFOPLIST_FILE = YES;
				INFOPLIST_FILE = Example/Info.plist;
				INFOPLIST_KEY_UIApplicationSupportsIndirectInputEvents = YES;
				INFOPLIST_KEY_UILaunchStoryboardName = LaunchScreen;
				INFOPLIST_KEY_UIMainStoryboardFile = Main;
				INFOPLIST_KEY_UISupportedInterfaceOrientations_iPad = "UIInterfaceOrientationPortrait UIInterfaceOrientationPortraitUpsideDown UIInterfaceOrientationLandscapeLeft UIInterfaceOrientationLandscapeRight";
				INFOPLIST_KEY_UISupportedInterfaceOrientations_iPhone = "UIInterfaceOrientationPortrait UIInterfaceOrientationLandscapeLeft UIInterfaceOrientationLandscapeRight";
				LD_RUNPATH_SEARCH_PATHS = (
					"$(inherited)",
					"@executable_path/Frameworks",
				);
				MARKETING_VERSION = 1.0;
				PRODUCT_BUNDLE_IDENTIFIER = com.mrhb.co.testinglib.Example;
				PRODUCT_NAME = "$(TARGET_NAME)";
				SWIFT_EMIT_LOC_STRINGS = YES;
				SWIFT_VERSION = 5.0;
				TARGETED_DEVICE_FAMILY = "1,2";
			};
			name = Debug;
		};
		5E1559332A1166190079C82C /* Release */ = {
			isa = XCBuildConfiguration;
			buildSettings = {
				ASSETCATALOG_COMPILER_APPICON_NAME = AppIcon;
				ASSETCATALOG_COMPILER_GLOBAL_ACCENT_COLOR_NAME = AccentColor;
				CODE_SIGN_STYLE = Automatic;
				CURRENT_PROJECT_VERSION = 1;
				DEVELOPMENT_TEAM = 6466L4JP7S;
				GENERATE_INFOPLIST_FILE = YES;
				INFOPLIST_FILE = Example/Info.plist;
				INFOPLIST_KEY_UIApplicationSupportsIndirectInputEvents = YES;
				INFOPLIST_KEY_UILaunchStoryboardName = LaunchScreen;
				INFOPLIST_KEY_UIMainStoryboardFile = Main;
				INFOPLIST_KEY_UISupportedInterfaceOrientations_iPad = "UIInterfaceOrientationPortrait UIInterfaceOrientationPortraitUpsideDown UIInterfaceOrientationLandscapeLeft UIInterfaceOrientationLandscapeRight";
				INFOPLIST_KEY_UISupportedInterfaceOrientations_iPhone = "UIInterfaceOrientationPortrait UIInterfaceOrientationLandscapeLeft UIInterfaceOrientationLandscapeRight";
				LD_RUNPATH_SEARCH_PATHS = (
					"$(inherited)",
					"@executable_path/Frameworks",
				);
				MARKETING_VERSION = 1.0;
				PRODUCT_BUNDLE_IDENTIFIER = com.mrhb.co.testinglib.Example;
				PRODUCT_NAME = "$(TARGET_NAME)";
				SWIFT_EMIT_LOC_STRINGS = YES;
				SWIFT_VERSION = 5.0;
				TARGETED_DEVICE_FAMILY = "1,2";
			};
			name = Release;
		};
/* End XCBuildConfiguration section */

/* Begin XCConfigurationList section */
		5E1558FC2A1165F20079C82C /* Build configuration list for PBXProject "PodFramework" */ = {
			isa = XCConfigurationList;
			buildConfigurations = (
				5E1559142A1165F20079C82C /* Debug */,
				5E1559152A1165F20079C82C /* Release */,
			);
			defaultConfigurationIsVisible = 0;
			defaultConfigurationName = Release;
		};
		5E1559162A1165F20079C82C /* Build configuration list for PBXNativeTarget "PodFramework" */ = {
			isa = XCConfigurationList;
			buildConfigurations = (
				5E1559172A1165F20079C82C /* Debug */,
				5E1559182A1165F20079C82C /* Release */,
			);
			defaultConfigurationIsVisible = 0;
			defaultConfigurationName = Release;
		};
		5E1559192A1165F20079C82C /* Build configuration list for PBXNativeTarget "PodFrameworkTests" */ = {
			isa = XCConfigurationList;
			buildConfigurations = (
				5E15591A2A1165F20079C82C /* Debug */,
				5E15591B2A1165F20079C82C /* Release */,
			);
			defaultConfigurationIsVisible = 0;
			defaultConfigurationName = Release;
		};
		5E1559312A1166190079C82C /* Build configuration list for PBXNativeTarget "Example" */ = {
			isa = XCConfigurationList;
			buildConfigurations = (
				5E1559322A1166190079C82C /* Debug */,
				5E1559332A1166190079C82C /* Release */,
			);
			defaultConfigurationIsVisible = 0;
			defaultConfigurationName = Release;
		};
/* End XCConfigurationList section */
	};
	rootObject = 5E1558F92A1165F20079C82C /* Project object */;
}
